
Microsoft Visual Studio Solution File, Format Version 12.00
# Visual Studio 15
VisualStudioVersion = 15.0.28307.1684
MinimumVisualStudioVersion = 10.0.40219.1
Project("{FAE04EC0-301F-11D3-BF4B-00C04F79EFBC}") = "AppHotel", "AppHotel\AppHotel.csproj", "{565EEEF9-73F9-4E39-80EF-A30C9E235AEE}"
EndProject
Global
	GlobalSection(SolutionConfigurationPlatforms) = preSolution
		Debug|Any CPU = Debug|Any CPU
		Release|Any CPU = Release|Any CPU
	EndGlobalSection
	GlobalSection(ProjectConfigurationPlatforms) = postSolution
		{565EEEF9-73F9-4E39-80EF-A30C9E235AEE}.Debug|Any CPU.ActiveCfg = Debug|Any CPU
		{565EEEF9-73F9-4E39-80EF-A30C9E235AEE}.Debug|Any CPU.Build.0 = Debug|Any CPU
		{565EEEF9-73F9-4E39-80EF-A30C9E235AEE}.Release|Any CPU.ActiveCfg = Release|Any CPU
		{565EEEF9-73F9-4E39-80EF-A30C9E235AEE}.Release|Any CPU.Build.0 = Release|Any CPU
	EndGlobalSection
	GlobalSection(SolutionProperties) = preSolution
		HideSolutionNode = FALSE
	EndGlobalSection
	GlobalSection(ExtensibilityGlobals) = postSolution
		SolutionGuid = {3598028C-0D11-4662-8256-F01817F0DECA}
	EndGlobalSection
EndGlobal
